
Microsoft Visual Studio Solution File, Format Version 12.00
# Visual Studio Version 16
VisualStudioVersion = 16.0.30907.101
MinimumVisualStudioVersion = 10.0.40219.1
Project("{2150E333-8FDC-42A3-9474-1A3956D46DE8}") = "src", "src", "{85D95A82-37A3-4013-9E6D-3C14AC08377B}"
EndProject
Project("{2150E333-8FDC-42A3-9474-1A3956D46DE8}") = "Build Blocks", "Build Blocks", "{95B06C5D-EBDB-4C27-9C39-2D5D55F8238A}"
EndProject
Project("{2150E333-8FDC-42A3-9474-1A3956D46DE8}") = "Services", "Services", "{A277B0E7-D26D-4B1F-8C66-A1F957BB7345}"
EndProject
Project("{2150E333-8FDC-42A3-9474-1A3956D46DE8}") = "Web", "Web", "{160573B2-D249-4A53-8EA1-B21D637EA72C}"
EndProject
Project("{2150E333-8FDC-42A3-9474-1A3956D46DE8}") = "Identidade", "Identidade", "{E6F0EF41-0FFC-4C08-902D-BBEEBC7C34B4}"
EndProject
Project("{FAE04EC0-301F-11D3-BF4B-00C04F79EFBC}") = "NSE.Identidade.API", "src\services\NSE.Identidade.API\NSE.Identidade.API.csproj", "{979994EC-E2FF-4F2F-8071-E9C56AAD2077}"
EndProject
Project("{2150E333-8FDC-42A3-9474-1A3956D46DE8}") = "MVC", "MVC", "{70409A53-F23B-4754-901D-38EDB32B8A96}"
EndProject
Project("{FAE04EC0-301F-11D3-BF4B-00C04F79EFBC}") = "NSE.WebApp.MCV", "src\web\NSE.WebApp.MCV\NSE.WebApp.MCV.csproj", "{13309991-7127-4BA8-BA22-DC7614C2F535}"
EndProject
Project("{2150E333-8FDC-42A3-9474-1A3956D46DE8}") = "Core", "Core", "{46C5879D-9FC2-4D98-BD9A-A62BBF519DA5}"
EndProject
Project("{FAE04EC0-301F-11D3-BF4B-00C04F79EFBC}") = "NSE.Core", "src\build blocks\NSE.Core\NSE.Core.csproj", "{80A1B7E4-14C4-48B2-BF69-F625ADC7D255}"
EndProject
Project("{2150E333-8FDC-42A3-9474-1A3956D46DE8}") = "Carrinho", "Carrinho", "{1F499327-4417-41AD-A9F4-9CC24703EC32}"
EndProject
Project("{2150E333-8FDC-42A3-9474-1A3956D46DE8}") = "Catalogo", "Catalogo", "{F0E498D1-9F1E-45C7-94FB-CE0D8E30C760}"
EndProject
Project("{2150E333-8FDC-42A3-9474-1A3956D46DE8}") = "Cliente", "Cliente", "{0D63F804-7507-4ABB-BEAD-28B00DA13DAF}"
EndProject
Project("{2150E333-8FDC-42A3-9474-1A3956D46DE8}") = "Pagamento", "Pagamento", "{A3BFFA47-F292-4DA4-B844-8683D8E6C932}"
EndProject
Project("{2150E333-8FDC-42A3-9474-1A3956D46DE8}") = "Pedido", "Pedido", "{A2DA581E-5F1E-45B2-A158-097BDF8F58C9}"
EndProject
Project("{FAE04EC0-301F-11D3-BF4B-00C04F79EFBC}") = "NSE.Carrinho.API", "src\services\NSE.Carrinho.API\NSE.Carrinho.API.csproj", "{6577F2E2-C437-4123-8019-200BC454F2B0}"
EndProject
Project("{FAE04EC0-301F-11D3-BF4B-00C04F79EFBC}") = "NSE.Catalogo.API", "src\services\NSE.Catalogo.API\NSE.Catalogo.API.csproj", "{6BC810DB-AC47-4B3D-A068-7BF21E08057F}"
EndProject
Project("{FAE04EC0-301F-11D3-BF4B-00C04F79EFBC}") = "NSE.Cliente.API", "src\services\NSE.Cliente.API\NSE.Cliente.API.csproj", "{95F70D1D-C3E4-4700-AAD0-16540E80E616}"
EndProject
Project("{FAE04EC0-301F-11D3-BF4B-00C04F79EFBC}") = "NSE.Pagamento.API", "src\services\NSE.Pagamento.API\NSE.Pagamento.API.csproj", "{65D2AD2A-B9E6-4281-99DF-1E5FD2A5BBBB}"
EndProject
Project("{FAE04EC0-301F-11D3-BF4B-00C04F79EFBC}") = "NSE.Pedido.API", "src\services\NSE.Pedido.API\NSE.Pedido.API.csproj", "{67E3E7BE-E32E-4466-8855-A8AA0ACBBAE4}"
EndProject
Global
	GlobalSection(SolutionConfigurationPlatforms) = preSolution
		Debug|Any CPU = Debug|Any CPU
		Release|Any CPU = Release|Any CPU
	EndGlobalSection
	GlobalSection(ProjectConfigurationPlatforms) = postSolution
		{979994EC-E2FF-4F2F-8071-E9C56AAD2077}.Debug|Any CPU.ActiveCfg = Debug|Any CPU
		{979994EC-E2FF-4F2F-8071-E9C56AAD2077}.Debug|Any CPU.Build.0 = Debug|Any CPU
		{979994EC-E2FF-4F2F-8071-E9C56AAD2077}.Release|Any CPU.ActiveCfg = Release|Any CPU
		{979994EC-E2FF-4F2F-8071-E9C56AAD2077}.Release|Any CPU.Build.0 = Release|Any CPU
		{13309991-7127-4BA8-BA22-DC7614C2F535}.Debug|Any CPU.ActiveCfg = Debug|Any CPU
		{13309991-7127-4BA8-BA22-DC7614C2F535}.Debug|Any CPU.Build.0 = Debug|Any CPU
		{13309991-7127-4BA8-BA22-DC7614C2F535}.Release|Any CPU.ActiveCfg = Release|Any CPU
		{13309991-7127-4BA8-BA22-DC7614C2F535}.Release|Any CPU.Build.0 = Release|Any CPU
		{80A1B7E4-14C4-48B2-BF69-F625ADC7D255}.Debug|Any CPU.ActiveCfg = Debug|Any CPU
		{80A1B7E4-14C4-48B2-BF69-F625ADC7D255}.Debug|Any CPU.Build.0 = Debug|Any CPU
		{80A1B7E4-14C4-48B2-BF69-F625ADC7D255}.Release|Any CPU.ActiveCfg = Release|Any CPU
		{80A1B7E4-14C4-48B2-BF69-F625ADC7D255}.Release|Any CPU.Build.0 = Release|Any CPU
		{6577F2E2-C437-4123-8019-200BC454F2B0}.Debug|Any CPU.ActiveCfg = Debug|Any CPU
		{6577F2E2-C437-4123-8019-200BC454F2B0}.Debug|Any CPU.Build.0 = Debug|Any CPU
		{6577F2E2-C437-4123-8019-200BC454F2B0}.Release|Any CPU.ActiveCfg = Release|Any CPU
		{6577F2E2-C437-4123-8019-200BC454F2B0}.Release|Any CPU.Build.0 = Release|Any CPU
		{6BC810DB-AC47-4B3D-A068-7BF21E08057F}.Debug|Any CPU.ActiveCfg = Debug|Any CPU
		{6BC810DB-AC47-4B3D-A068-7BF21E08057F}.Debug|Any CPU.Build.0 = Debug|Any CPU
		{6BC810DB-AC47-4B3D-A068-7BF21E08057F}.Release|Any CPU.ActiveCfg = Release|Any CPU
		{6BC810DB-AC47-4B3D-A068-7BF21E08057F}.Release|Any CPU.Build.0 = Release|Any CPU
		{95F70D1D-C3E4-4700-AAD0-16540E80E616}.Debug|Any CPU.ActiveCfg = Debug|Any CPU
		{95F70D1D-C3E4-4700-AAD0-16540E80E616}.Debug|Any CPU.Build.0 = Debug|Any CPU
		{95F70D1D-C3E4-4700-AAD0-16540E80E616}.Release|Any CPU.ActiveCfg = Release|Any CPU
		{95F70D1D-C3E4-4700-AAD0-16540E80E616}.Release|Any CPU.Build.0 = Release|Any CPU
		{65D2AD2A-B9E6-4281-99DF-1E5FD2A5BBBB}.Debug|Any CPU.ActiveCfg = Debug|Any CPU
		{65D2AD2A-B9E6-4281-99DF-1E5FD2A5BBBB}.Debug|Any CPU.Build.0 = Debug|Any CPU
		{65D2AD2A-B9E6-4281-99DF-1E5FD2A5BBBB}.Release|Any CPU.ActiveCfg = Release|Any CPU
		{65D2AD2A-B9E6-4281-99DF-1E5FD2A5BBBB}.Release|Any CPU.Build.0 = Release|Any CPU
		{67E3E7BE-E32E-4466-8855-A8AA0ACBBAE4}.Debug|Any CPU.ActiveCfg = Debug|Any CPU
		{67E3E7BE-E32E-4466-8855-A8AA0ACBBAE4}.Debug|Any CPU.Build.0 = Debug|Any CPU
		{67E3E7BE-E32E-4466-8855-A8AA0ACBBAE4}.Release|Any CPU.ActiveCfg = Release|Any CPU
		{67E3E7BE-E32E-4466-8855-A8AA0ACBBAE4}.Release|Any CPU.Build.0 = Release|Any CPU
	EndGlobalSection
	GlobalSection(SolutionProperties) = preSolution
		HideSolutionNode = FALSE
	EndGlobalSection
	GlobalSection(NestedProjects) = preSolution
		{95B06C5D-EBDB-4C27-9C39-2D5D55F8238A} = {85D95A82-37A3-4013-9E6D-3C14AC08377B}
		{A277B0E7-D26D-4B1F-8C66-A1F957BB7345} = {85D95A82-37A3-4013-9E6D-3C14AC08377B}
		{160573B2-D249-4A53-8EA1-B21D637EA72C} = {85D95A82-37A3-4013-9E6D-3C14AC08377B}
		{E6F0EF41-0FFC-4C08-902D-BBEEBC7C34B4} = {A277B0E7-D26D-4B1F-8C66-A1F957BB7345}
		{979994EC-E2FF-4F2F-8071-E9C56AAD2077} = {E6F0EF41-0FFC-4C08-902D-BBEEBC7C34B4}
		{70409A53-F23B-4754-901D-38EDB32B8A96} = {160573B2-D249-4A53-8EA1-B21D637EA72C}
		{13309991-7127-4BA8-BA22-DC7614C2F535} = {70409A53-F23B-4754-901D-38EDB32B8A96}
		{46C5879D-9FC2-4D98-BD9A-A62BBF519DA5} = {95B06C5D-EBDB-4C27-9C39-2D5D55F8238A}
		{80A1B7E4-14C4-48B2-BF69-F625ADC7D255} = {46C5879D-9FC2-4D98-BD9A-A62BBF519DA5}
		{1F499327-4417-41AD-A9F4-9CC24703EC32} = {A277B0E7-D26D-4B1F-8C66-A1F957BB7345}
		{F0E498D1-9F1E-45C7-94FB-CE0D8E30C760} = {A277B0E7-D26D-4B1F-8C66-A1F957BB7345}
		{0D63F804-7507-4ABB-BEAD-28B00DA13DAF} = {A277B0E7-D26D-4B1F-8C66-A1F957BB7345}
		{A3BFFA47-F292-4DA4-B844-8683D8E6C932} = {A277B0E7-D26D-4B1F-8C66-A1F957BB7345}
		{A2DA581E-5F1E-45B2-A158-097BDF8F58C9} = {A277B0E7-D26D-4B1F-8C66-A1F957BB7345}
		{6577F2E2-C437-4123-8019-200BC454F2B0} = {1F499327-4417-41AD-A9F4-9CC24703EC32}
		{6BC810DB-AC47-4B3D-A068-7BF21E08057F} = {F0E498D1-9F1E-45C7-94FB-CE0D8E30C760}
		{95F70D1D-C3E4-4700-AAD0-16540E80E616} = {0D63F804-7507-4ABB-BEAD-28B00DA13DAF}
		{65D2AD2A-B9E6-4281-99DF-1E5FD2A5BBBB} = {A3BFFA47-F292-4DA4-B844-8683D8E6C932}
		{67E3E7BE-E32E-4466-8855-A8AA0ACBBAE4} = {A2DA581E-5F1E-45B2-A158-097BDF8F58C9}
	EndGlobalSection
	GlobalSection(ExtensibilityGlobals) = postSolution
		SolutionGuid = {4343D7D5-6393-4FFD-B5B6-62AE8D9A452C}
	EndGlobalSection
EndGlobal
